
Microsoft Visual Studio Solution File, Format Version 12.00
# Visual Studio Version 17
VisualStudioVersion = 17.1.32421.90
MinimumVisualStudioVersion = 10.0.40219.1
Project("{FAE04EC0-301F-11D3-BF4B-00C04F79EFBC}") = "praktika", "praktika\praktika.csproj", "{2C57F94B-A747-488F-8CEF-B0AA51930072}"
EndProject
Global
	GlobalSection(SolutionConfigurationPlatforms) = preSolution
		Debug|Any CPU = Debug|Any CPU
		Release|Any CPU = Release|Any CPU
	EndGlobalSection
	GlobalSection(ProjectConfigurationPlatforms) = postSolution
		{2C57F94B-A747-488F-8CEF-B0AA51930072}.Debug|Any CPU.ActiveCfg = Debug|Any CPU
		{2C57F94B-A747-488F-8CEF-B0AA51930072}.Debug|Any CPU.Build.0 = Debug|Any CPU
		{2C57F94B-A747-488F-8CEF-B0AA51930072}.Release|Any CPU.ActiveCfg = Release|Any CPU
		{2C57F94B-A747-488F-8CEF-B0AA51930072}.Release|Any CPU.Build.0 = Release|Any CPU
	EndGlobalSection
	GlobalSection(SolutionProperties) = preSolution
		HideSolutionNode = FALSE
	EndGlobalSection
	GlobalSection(ExtensibilityGlobals) = postSolution
		SolutionGuid = {8C80D705-9E11-4366-AB60-358DD19E036C}
	EndGlobalSection
EndGlobal
